
Microsoft Visual Studio Solution File, Format Version 12.00
# Visual Studio Version 17
VisualStudioVersion = 17.4.33213.308
MinimumVisualStudioVersion = 10.0.40219.1
Project("{FAE04EC0-301F-11D3-BF4B-00C04F79EFBC}") = "3x3GameBackendWebAppASP", "3x3GameBackendWebAppASP\3x3GameBackendWebAppASP.csproj", "{03A49F2F-065E-44B0-B2BD-6235D059F975}"
EndProject
Global
	GlobalSection(SolutionConfigurationPlatforms) = preSolution
		Debug|Any CPU = Debug|Any CPU
		Release|Any CPU = Release|Any CPU
	EndGlobalSection
	GlobalSection(ProjectConfigurationPlatforms) = postSolution
		{03A49F2F-065E-44B0-B2BD-6235D059F975}.Debug|Any CPU.ActiveCfg = Debug|Any CPU
		{03A49F2F-065E-44B0-B2BD-6235D059F975}.Debug|Any CPU.Build.0 = Debug|Any CPU
		{03A49F2F-065E-44B0-B2BD-6235D059F975}.Release|Any CPU.ActiveCfg = Release|Any CPU
		{03A49F2F-065E-44B0-B2BD-6235D059F975}.Release|Any CPU.Build.0 = Release|Any CPU
	EndGlobalSection
	GlobalSection(SolutionProperties) = preSolution
		HideSolutionNode = FALSE
	EndGlobalSection
	GlobalSection(ExtensibilityGlobals) = postSolution
		SolutionGuid = {7734937D-227F-432E-80A0-596FE5E95177}
	EndGlobalSection
EndGlobal
